
Microsoft Visual Studio Solution File, Format Version 12.00
# Visual Studio Version 17
VisualStudioVersion = 17.9.34723.18
MinimumVisualStudioVersion = 10.0.40219.1
Project("{8BC9CEB8-8B4A-11D0-8D11-00A0C91BC942}") = "c++_実習課題", "c++_実習課題.vcxproj", "{8875E465-D5AF-42AA-8646-DAB7F01620A4}"
EndProject
Project("{8BC9CEB8-8B4A-11D0-8D11-00A0C91BC942}") = "課題1", "..\課題1\課題1.vcxproj", "{FBF75B39-4347-40DE-A11A-BD9D5A5D4CA4}"
EndProject
Project("{8BC9CEB8-8B4A-11D0-8D11-00A0C91BC942}") = "課題2", "..\課題2\課題2.vcxproj", "{1239FAAA-2421-4767-A7AB-AE848B1CA8AC}"
EndProject
Project("{8BC9CEB8-8B4A-11D0-8D11-00A0C91BC942}") = "課題3", "..\課題3\課題3.vcxproj", "{EA9E53E8-F7FB-4BA1-BB23-122B8F5E8A15}"
EndProject
Project("{8BC9CEB8-8B4A-11D0-8D11-00A0C91BC942}") = "課題4", "..\課題4\課題4.vcxproj", "{00B0CF1B-1206-41B4-BDEF-6F504D1A8982}"
EndProject
Project("{8BC9CEB8-8B4A-11D0-8D11-00A0C91BC942}") = "課題5", "..\課題5\課題5.vcxproj", "{202587F0-3CBC-4600-9CC3-135EAE06AAC2}"
EndProject
Project("{8BC9CEB8-8B4A-11D0-8D11-00A0C91BC942}") = "課題6", "..\課題6\課題6.vcxproj", "{38694739-9488-4256-9F94-46F8567F723A}"
EndProject
Project("{8BC9CEB8-8B4A-11D0-8D11-00A0C91BC942}") = "課題9", "..\課題9\課題9.vcxproj", "{0ADD610E-34E7-47A0-87E6-62823899BA35}"
EndProject
Project("{8BC9CEB8-8B4A-11D0-8D11-00A0C91BC942}") = "課題10", "..\課題10\課題10.vcxproj", "{CFD40246-851F-4BFE-8614-2A458CFF10F9}"
EndProject
Global
	GlobalSection(SolutionConfigurationPlatforms) = preSolution
		Debug|x64 = Debug|x64
		Debug|x86 = Debug|x86
		Release|x64 = Release|x64
		Release|x86 = Release|x86
	EndGlobalSection
	GlobalSection(ProjectConfigurationPlatforms) = postSolution
		{8875E465-D5AF-42AA-8646-DAB7F01620A4}.Debug|x64.ActiveCfg = Debug|x64
		{8875E465-D5AF-42AA-8646-DAB7F01620A4}.Debug|x64.Build.0 = Debug|x64
		{8875E465-D5AF-42AA-8646-DAB7F01620A4}.Debug|x86.ActiveCfg = Debug|Win32
		{8875E465-D5AF-42AA-8646-DAB7F01620A4}.Debug|x86.Build.0 = Debug|Win32
		{8875E465-D5AF-42AA-8646-DAB7F01620A4}.Release|x64.ActiveCfg = Release|x64
		{8875E465-D5AF-42AA-8646-DAB7F01620A4}.Release|x64.Build.0 = Release|x64
		{8875E465-D5AF-42AA-8646-DAB7F01620A4}.Release|x86.ActiveCfg = Release|Win32
		{8875E465-D5AF-42AA-8646-DAB7F01620A4}.Release|x86.Build.0 = Release|Win32
		{FBF75B39-4347-40DE-A11A-BD9D5A5D4CA4}.Debug|x64.ActiveCfg = Debug|x64
		{FBF75B39-4347-40DE-A11A-BD9D5A5D4CA4}.Debug|x64.Build.0 = Debug|x64
		{FBF75B39-4347-40DE-A11A-BD9D5A5D4CA4}.Debug|x86.ActiveCfg = Debug|Win32
		{FBF75B39-4347-40DE-A11A-BD9D5A5D4CA4}.Debug|x86.Build.0 = Debug|Win32
		{FBF75B39-4347-40DE-A11A-BD9D5A5D4CA4}.Release|x64.ActiveCfg = Release|x64
		{FBF75B39-4347-40DE-A11A-BD9D5A5D4CA4}.Release|x64.Build.0 = Release|x64
		{FBF75B39-4347-40DE-A11A-BD9D5A5D4CA4}.Release|x86.ActiveCfg = Release|Win32
		{FBF75B39-4347-40DE-A11A-BD9D5A5D4CA4}.Release|x86.Build.0 = Release|Win32
		{1239FAAA-2421-4767-A7AB-AE848B1CA8AC}.Debug|x64.ActiveCfg = Debug|x64
		{1239FAAA-2421-4767-A7AB-AE848B1CA8AC}.Debug|x64.Build.0 = Debug|x64
		{1239FAAA-2421-4767-A7AB-AE848B1CA8AC}.Debug|x86.ActiveCfg = Debug|Win32
		{1239FAAA-2421-4767-A7AB-AE848B1CA8AC}.Debug|x86.Build.0 = Debug|Win32
		{1239FAAA-2421-4767-A7AB-AE848B1CA8AC}.Release|x64.ActiveCfg = Release|x64
		{1239FAAA-2421-4767-A7AB-AE848B1CA8AC}.Release|x64.Build.0 = Release|x64
		{1239FAAA-2421-4767-A7AB-AE848B1CA8AC}.Release|x86.ActiveCfg = Release|Win32
		{1239FAAA-2421-4767-A7AB-AE848B1CA8AC}.Release|x86.Build.0 = Release|Win32
		{EA9E53E8-F7FB-4BA1-BB23-122B8F5E8A15}.Debug|x64.ActiveCfg = Debug|x64
		{EA9E53E8-F7FB-4BA1-BB23-122B8F5E8A15}.Debug|x64.Build.0 = Debug|x64
		{EA9E53E8-F7FB-4BA1-BB23-122B8F5E8A15}.Debug|x86.ActiveCfg = Debug|Win32
		{EA9E53E8-F7FB-4BA1-BB23-122B8F5E8A15}.Debug|x86.Build.0 = Debug|Win32
		{EA9E53E8-F7FB-4BA1-BB23-122B8F5E8A15}.Release|x64.ActiveCfg = Release|x64
		{EA9E53E8-F7FB-4BA1-BB23-122B8F5E8A15}.Release|x64.Build.0 = Release|x64
		{EA9E53E8-F7FB-4BA1-BB23-122B8F5E8A15}.Release|x86.ActiveCfg = Release|Win32
		{EA9E53E8-F7FB-4BA1-BB23-122B8F5E8A15}.Release|x86.Build.0 = Release|Win32
		{00B0CF1B-1206-41B4-BDEF-6F504D1A8982}.Debug|x64.ActiveCfg = Debug|x64
		{00B0CF1B-1206-41B4-BDEF-6F504D1A8982}.Debug|x64.Build.0 = Debug|x64
		{00B0CF1B-1206-41B4-BDEF-6F504D1A8982}.Debug|x86.ActiveCfg = Debug|Win32
		{00B0CF1B-1206-41B4-BDEF-6F504D1A8982}.Debug|x86.Build.0 = Debug|Win32
		{00B0CF1B-1206-41B4-BDEF-6F504D1A8982}.Release|x64.ActiveCfg = Release|x64
		{00B0CF1B-1206-41B4-BDEF-6F504D1A8982}.Release|x64.Build.0 = Release|x64
		{00B0CF1B-1206-41B4-BDEF-6F504D1A8982}.Release|x86.ActiveCfg = Release|Win32
		{00B0CF1B-1206-41B4-BDEF-6F504D1A8982}.Release|x86.Build.0 = Release|Win32
		{202587F0-3CBC-4600-9CC3-135EAE06AAC2}.Debug|x64.ActiveCfg = Debug|x64
		{202587F0-3CBC-4600-9CC3-135EAE06AAC2}.Debug|x64.Build.0 = Debug|x64
		{202587F0-3CBC-4600-9CC3-135EAE06AAC2}.Debug|x86.ActiveCfg = Debug|Win32
		{202587F0-3CBC-4600-9CC3-135EAE06AAC2}.Debug|x86.Build.0 = Debug|Win32
		{202587F0-3CBC-4600-9CC3-135EAE06AAC2}.Release|x64.ActiveCfg = Release|x64
		{202587F0-3CBC-4600-9CC3-135EAE06AAC2}.Release|x64.Build.0 = Release|x64
		{202587F0-3CBC-4600-9CC3-135EAE06AAC2}.Release|x86.ActiveCfg = Release|Win32
		{202587F0-3CBC-4600-9CC3-135EAE06AAC2}.Release|x86.Build.0 = Release|Win32
		{38694739-9488-4256-9F94-46F8567F723A}.Debug|x64.ActiveCfg = Debug|x64
		{38694739-9488-4256-9F94-46F8567F723A}.Debug|x64.Build.0 = Debug|x64
		{38694739-9488-4256-9F94-46F8567F723A}.Debug|x86.ActiveCfg = Debug|Win32
		{38694739-9488-4256-9F94-46F8567F723A}.Debug|x86.Build.0 = Debug|Win32
		{38694739-9488-4256-9F94-46F8567F723A}.Release|x64.ActiveCfg = Release|x64
		{38694739-9488-4256-9F94-46F8567F723A}.Release|x64.Build.0 = Release|x64
		{38694739-9488-4256-9F94-46F8567F723A}.Release|x86.ActiveCfg = Release|Win32
		{38694739-9488-4256-9F94-46F8567F723A}.Release|x86.Build.0 = Release|Win32
		{0ADD610E-34E7-47A0-87E6-62823899BA35}.Debug|x64.ActiveCfg = Debug|x64
		{0ADD610E-34E7-47A0-87E6-62823899BA35}.Debug|x64.Build.0 = Debug|x64
		{0ADD610E-34E7-47A0-87E6-62823899BA35}.Debug|x86.ActiveCfg = Debug|Win32
		{0ADD610E-34E7-47A0-87E6-62823899BA35}.Debug|x86.Build.0 = Debug|Win32
		{0ADD610E-34E7-47A0-87E6-62823899BA35}.Release|x64.ActiveCfg = Release|x64
		{0ADD610E-34E7-47A0-87E6-62823899BA35}.Release|x64.Build.0 = Release|x64
		{0ADD610E-34E7-47A0-87E6-62823899BA35}.Release|x86.ActiveCfg = Release|Win32
		{0ADD610E-34E7-47A0-87E6-62823899BA35}.Release|x86.Build.0 = Release|Win32
		{CFD40246-851F-4BFE-8614-2A458CFF10F9}.Debug|x64.ActiveCfg = Debug|x64
		{CFD40246-851F-4BFE-8614-2A458CFF10F9}.Debug|x64.Build.0 = Debug|x64
		{CFD40246-851F-4BFE-8614-2A458CFF10F9}.Debug|x86.ActiveCfg = Debug|Win32
		{CFD40246-851F-4BFE-8614-2A458CFF10F9}.Debug|x86.Build.0 = Debug|Win32
		{CFD40246-851F-4BFE-8614-2A458CFF10F9}.Release|x64.ActiveCfg = Release|x64
		{CFD40246-851F-4BFE-8614-2A458CFF10F9}.Release|x64.Build.0 = Release|x64
		{CFD40246-851F-4BFE-8614-2A458CFF10F9}.Release|x86.ActiveCfg = Release|Win32
		{CFD40246-851F-4BFE-8614-2A458CFF10F9}.Release|x86.Build.0 = Release|Win32
	EndGlobalSection
	GlobalSection(SolutionProperties) = preSolution
		HideSolutionNode = FALSE
	EndGlobalSection
	GlobalSection(ExtensibilityGlobals) = postSolution
		SolutionGuid = {E566B882-E3CE-412C-A038-D9E3854203FD}
	EndGlobalSection
EndGlobal
